# THIS IS AN AUTOGENERATED FILE. DO NOT EDIT THIS FILE DIRECTLY.
# yarn lockfile v1


animate.css@3.5.0:
  version "3.5.0"
  resolved "https://registry.npmjs.org/animate.css/-/animate.css-3.5.0.tgz#21b8549f13fec035cd38fd1037c58cd49ad45ae5"
  integrity sha1-IbhUnxP+wDXNOP0QN8WM1JrUWuU=

bootstrap-daterangepicker@3.0.3:
  version "3.0.3"
  resolved "https://registry.npmjs.org/bootstrap-daterangepicker/-/bootstrap-daterangepicker-3.0.3.tgz#670c638dc124a15a95ddf0440af34d1acee7cffc"
  integrity sha512-RJ0iOpVornF/6bf+L1jzPr95MoPM7zp3MILtNZ7ADu5RZFoMznHD4GbPu3URkPhcPABA2RqMnhk/CvO7iyNBtw==
  dependencies:
    jquery ">=1.10"
    moment "^2.9.0"

bootstrap-progressbar@0.9.0:
  version "0.9.0"
  resolved "https://registry.npmjs.org/bootstrap-progressbar/-/bootstrap-progressbar-0.9.0.tgz#cc00fb94797111556dc9af7ea6b5cadbee30cac4"
  integrity sha1-zAD7lHlxEVVtya9+prXK2+4wysQ=

bootstrap@4.3.1:
  version "4.3.1"
  resolved "https://registry.npmjs.org/bootstrap/-/bootstrap-4.3.1.tgz#280ca8f610504d99d7b6b4bfc4b68cec601704ac"
  integrity sha512-rXqOmH1VilAt2DyPzluTi2blhk17bO7ef+zLLPlWvG494pDxcM234pJ8wTc/6R40UWizAIIMgxjvxZg5kmsbag==

fastclick@1.0.6:
  version "1.0.6"
  resolved "https://registry.npmjs.org/fastclick/-/fastclick-1.0.6.tgz#161625b27b1a5806405936bda9a2c1926d06be6a"
  integrity sha1-FhYlsnsaWAZAWTa9qaLBkm0Gvmo=

font-awesome@4.6.3:
  version "4.6.3"
  resolved "https://registry.npmjs.org/font-awesome/-/font-awesome-4.6.3.tgz#86933651540ee00874c664017f50f2172f6531a2"
  integrity sha1-hpM2UVQO4Ah0xmQBf1DyFy9lMaI=

jquery@2.2.4:
  version "2.2.4"
  resolved "https://registry.npmjs.org/jquery/-/jquery-2.2.4.tgz#2c89d6889b5eac522a7eea32c14521559c6cbf02"
  integrity sha1-LInWiJterFIqfuoywUUhVZxsvwI=

jquery@>=1.10:
  version "3.6.0"
  resolved "https://registry.npmjs.org/jquery/-/jquery-3.6.0.tgz#c72a09f15c1bdce142f49dbf1170bdf8adac2470"
  integrity sha512-JVzAR/AjBvVt2BmYhxRCSYysDsPcssdmTFnzyLEts9qNwmjmu4JTAMYubEfwVOSwpQ1I1sKKFcxhZCI2buerfw==

moment@^2.9.0:
  version "2.29.1"
  resolved "https://registry.npmjs.org/moment/-/moment-2.29.1.tgz#b2be769fa31940be9eeea6469c075e35006fa3d3"
  integrity sha512-kHmoybcPV8Sqy59DwNDY3Jefr64lK/by/da0ViFcuA4DH0vQg5Q6Ze5VimxkfQNSC+Mls/Kx53s7TjP1RhFEDQ==

nprogress@0.2.0:
  version "0.2.0"
  resolved "https://registry.npmjs.org/nprogress/-/nprogress-0.2.0.tgz#cb8f34c53213d895723fcbab907e9422adbcafb1"
  integrity sha1-y480xTIT2JVyP8urkH6UIq28r7E=
