# THIS IS AN AUTOGENERATED FILE. DO NOT EDIT THIS FILE DIRECTLY.
# yarn lockfile v1


"@compone/class@^1.1.1":
  version "1.1.1"
  resolved "https://registry.npmjs.org/@compone/class/-/class-1.1.1.tgz#cbe6225ca123894769c8cb65b49430bd8dea472a"
  integrity sha512-pbODcJi0TdyKQ/PTHSHLwO4h/r5EgMdkPQLdBSaZBUiBuWdGil+0PEhpfhAWDuFrwVPKiCHYQOfs8WyGe9ABWA==

"@compone/define@^1.2.4":
  version "1.2.4"
  resolved "https://registry.npmjs.org/@compone/define/-/define-1.2.4.tgz#59cd34c95d32c11de7496db5c801dc7748cb8666"
  integrity sha512-w0ZDiYMIppvb1epoNY64pkEACwn9693cc7qM1ZSKWUVZczx5vlR4iZM7by129IYUdCq0SsbxQbbPZjnzj/0Qew==
  dependencies:
    "@compone/class" "^1.1.1"
    "@compone/event" "^1.1.2"

"@compone/event@^1.1.2":
  version "1.1.2"
  resolved "https://registry.npmjs.org/@compone/event/-/event-1.1.2.tgz#e20ca62c9a1a1c062a9612874b78453737a7cbeb"
  integrity sha512-baJDnAr8pWefqfltNS33HieD+s23YO+w2/RD6lPxIEzlOuM1R5RT5vpUUTcrzn0Er3oj62PlfMUyS0SwnVw67Q==
  dependencies:
    utilise "^2.3.5"

"@compone/style@^1.0.0":
  version "1.0.1"
  resolved "https://registry.npmjs.org/@compone/style/-/style-1.0.1.tgz#26681909d8a2b68923e65c14f91a53320187982e"
  integrity sha512-OzEbf5O88x+hyJyqW+Ya7H6pFV0em0HnfA+uC2ORS00I0FS6Zq3xUEiBX7uKZHaEbV8GywBchYKkPM4GW6IT6w==
  dependencies:
    cssscope "^0.1.0"
    djbx "^1.0.3"

animate.css@3.5.0:
  version "3.5.0"
  resolved "https://registry.npmjs.org/animate.css/-/animate.css-3.5.0.tgz#21b8549f13fec035cd38fd1037c58cd49ad45ae5"
  integrity sha1-IbhUnxP+wDXNOP0QN8WM1JrUWuU=

bootstrap-growl-ifightcrime@^1.1.0:
  version "1.1.0"
  resolved "https://registry.npmjs.org/bootstrap-growl-ifightcrime/-/bootstrap-growl-ifightcrime-1.1.0.tgz#3f83c12bd29281315580a05ec13841d60031539e"
  integrity sha1-P4PBK9KSgTFVgKBewThB1gAxU54=

bootstrap-notify@^3.1.3:
  version "3.1.3"
  resolved "https://registry.npmjs.org/bootstrap-notify/-/bootstrap-notify-3.1.3.tgz#7e98b3a696cf452a7b56727f0b3316a90037c10b"
  integrity sha1-fpizppbPRSp7VnJ/CzMWqQA3wQs=

bootstrap@4.3.1:
  version "4.3.1"
  resolved "https://registry.npmjs.org/bootstrap/-/bootstrap-4.3.1.tgz#280ca8f610504d99d7b6b4bfc4b68cec601704ac"
  integrity sha512-rXqOmH1VilAt2DyPzluTi2blhk17bO7ef+zLLPlWvG494pDxcM234pJ8wTc/6R40UWizAIIMgxjvxZg5kmsbag==

chart.js@>=3.0.2, chart.js@^3.7.1:
  version "3.7.1"
  resolved "https://registry.npmjs.org/chart.js/-/chart.js-3.7.1.tgz#0516f690c6a8680c6c707e31a4c1807a6f400ada"
  integrity sha512-8knRegQLFnPQAheZV8MjxIXc5gQEfDFD897BJgv/klO/vtIyFFmgMXrNfgrXpbTr/XbTturxRgxIXx/Y+ASJBA==

chartjs-adapter-date-fns@>=2.0.0:
  version "2.0.0"
  resolved "https://registry.npmjs.org/chartjs-adapter-date-fns/-/chartjs-adapter-date-fns-2.0.0.tgz#5e53b2f660b993698f936f509c86dddf9ed44c6b"
  integrity sha512-rmZINGLe+9IiiEB0kb57vH3UugAtYw33anRiw5kS2Tu87agpetDDoouquycWc9pRsKtQo5j+vLsYHyr8etAvFw==

chartkick@^4.1.1:
  version "4.1.1"
  resolved "https://registry.npmjs.org/chartkick/-/chartkick-4.1.1.tgz#60d6e13a090c5334bd80ad8fb7da02aaf38fb936"
  integrity sha512-+3+dIKZo8MzOiQFc4FZDZiRjDnrgVxgjk3tKXVclMcDF8yIJAEqSr5/l4pqpB2Rxye1s2Dg3j6bVA9eIeDbnCQ==
  optionalDependencies:
    chart.js ">=3.0.2"
    chartjs-adapter-date-fns ">=2.0.0"
    date-fns ">=2.0.0"

colors@^1.2.3:
  version "1.4.0"
  resolved "https://registry.npmjs.org/colors/-/colors-1.4.0.tgz#c50491479d4c1bdaed2c9ced32cf7c7dc2360f78"
  integrity sha512-a+UqTh4kgZg/SlGvfbzDHpgRu7AAQOmmqRHJnxhRZICKFUT91brVhNNt58CMWU9PsBbv3PDCZUHbVxuDiH2mtA==

cssscope@^0.1.0:
  version "0.1.0"
  resolved "https://registry.npmjs.org/cssscope/-/cssscope-0.1.0.tgz#fbd26f29e06d797d3f2df415b3aeb45fdf300541"
  integrity sha512-JW7YFPiZJpT2+z+odH23QKezNKQLykP5WNWFzDnyl5h+0lUCf4JTGoSxynpVKQnqXdZf1Jxb9TNBmfzprzhYAg==

date-fns@>=2.0.0:
  version "2.28.0"
  resolved "https://registry.npmjs.org/date-fns/-/date-fns-2.28.0.tgz#9570d656f5fc13143e50c975a3b6bbeb46cd08b2"
  integrity sha512-8d35hViGYx/QH0icHYCeLmsLmMUheMmTyV9Fcm6gvNwdw31yXXH+O85sOBJ+OLnLQMKZowvpKb6FgMIQjcpvQw==

djbx@^1.0.3:
  version "1.0.3"
  resolved "https://registry.npmjs.org/djbx/-/djbx-1.0.3.tgz#c58966d2c05d0dd5fd43c787894b059ee6cc9b18"
  integrity sha512-Y8ph/85fEChtSgSgw1asP4cGLNLxlbnDBnQMpX8+MOpaiYyOn8assnSpIrwHuoGZV/sE1DUbKh9aeKlWZdHKEg==

font-awesome@4.6.3:
  version "4.6.3"
  resolved "https://registry.npmjs.org/font-awesome/-/font-awesome-4.6.3.tgz#86933651540ee00874c664017f50f2172f6531a2"
  integrity sha1-hpM2UVQO4Ah0xmQBf1DyFy9lMaI=

jquery@2.2.4:
  version "2.2.4"
  resolved "https://registry.npmjs.org/jquery/-/jquery-2.2.4.tgz#2c89d6889b5eac522a7eea32c14521559c6cbf02"
  integrity sha1-LInWiJterFIqfuoywUUhVZxsvwI=

sweet-alert@^2.0.5:
  version "2.0.5"
  resolved "https://registry.npmjs.org/sweet-alert/-/sweet-alert-2.0.5.tgz#69a77e405a6513752a4716c3026a122480fc7265"
  integrity sha512-UrzrZDCDrVWyrS0pmXQs9eaxb0s++4EuDyS+sESqI9IEj9l8AKVTv7/KHVaIE2uERwcgncnZW5fO4o+xUy0JFA==
  dependencies:
    "@compone/define" "^1.2.4"
    "@compone/style" "^1.0.0"

through@^2.3.8:
  version "2.3.8"
  resolved "https://registry.npmjs.org/through/-/through-2.3.8.tgz#0dd4c9ffaabc357960b1b724115d7e0e86a2e1f5"
  integrity sha1-DdTJ/6q8NXlgsbckEV1+Doai4fU=

utilise@^2.3.5:
  version "2.3.8"
  resolved "https://registry.npmjs.org/utilise/-/utilise-2.3.8.tgz#a639f79b1b385600b21ee58acfe991f2a83189c2"
  integrity sha512-scuRvOkBODMEvS87Uz0Pe3f737JSszUAgB9pHHOHaHroA0MfFC+STXBIDT3x/uMQx/9sbREJnHUhs9xfRPT+gg==
  dependencies:
    colors "^1.2.3"
    through "^2.3.8"
